
Microsoft Visual Studio Solution File, Format Version 12.00
# Visual Studio 15
VisualStudioVersion = 15.0.27428.2027
MinimumVisualStudioVersion = 10.0.40219.1
Project("{FAE04EC0-301F-11D3-BF4B-00C04F79EFBC}") = "QuanLiKhachSan", "QuanLiKhachSan\QuanLiKhachSan.csproj", "{B581754F-A4E5-4B23-AC66-8604D314EEAF}"
EndProject
Global
	GlobalSection(SolutionConfigurationPlatforms) = preSolution
		Debug|Any CPU = Debug|Any CPU
		Release|Any CPU = Release|Any CPU
	EndGlobalSection
	GlobalSection(ProjectConfigurationPlatforms) = postSolution
		{B581754F-A4E5-4B23-AC66-8604D314EEAF}.Debug|Any CPU.ActiveCfg = Debug|Any CPU
		{B581754F-A4E5-4B23-AC66-8604D314EEAF}.Debug|Any CPU.Build.0 = Debug|Any CPU
		{B581754F-A4E5-4B23-AC66-8604D314EEAF}.Release|Any CPU.ActiveCfg = Release|Any CPU
		{B581754F-A4E5-4B23-AC66-8604D314EEAF}.Release|Any CPU.Build.0 = Release|Any CPU
	EndGlobalSection
	GlobalSection(SolutionProperties) = preSolution
		HideSolutionNode = FALSE
	EndGlobalSection
	GlobalSection(ExtensibilityGlobals) = postSolution
		SolutionGuid = {E04CF760-C71A-411B-A9FB-99A011E20415}
	EndGlobalSection
EndGlobal
